
Microsoft Visual Studio Solution File, Format Version 12.00
# Visual Studio Version 16
VisualStudioVersion = 16.0.30011.22
MinimumVisualStudioVersion = 10.0.40219.1
Project("{FAE04EC0-301F-11D3-BF4B-00C04F79EFBC}") = "eeduca-api", "eeduca-api\eeduca-api.csproj", "{B70A0B7B-D22A-46F3-A492-B1DE09298506}"
EndProject
Global
	GlobalSection(SolutionConfigurationPlatforms) = preSolution
		Debug|Any CPU = Debug|Any CPU
		Release|Any CPU = Release|Any CPU
	EndGlobalSection
	GlobalSection(ProjectConfigurationPlatforms) = postSolution
		{B70A0B7B-D22A-46F3-A492-B1DE09298506}.Debug|Any CPU.ActiveCfg = Debug|Any CPU
		{B70A0B7B-D22A-46F3-A492-B1DE09298506}.Debug|Any CPU.Build.0 = Debug|Any CPU
		{B70A0B7B-D22A-46F3-A492-B1DE09298506}.Release|Any CPU.ActiveCfg = Release|Any CPU
		{B70A0B7B-D22A-46F3-A492-B1DE09298506}.Release|Any CPU.Build.0 = Release|Any CPU
	EndGlobalSection
	GlobalSection(SolutionProperties) = preSolution
		HideSolutionNode = FALSE
	EndGlobalSection
	GlobalSection(ExtensibilityGlobals) = postSolution
		SolutionGuid = {7C4D9184-98AF-4E85-A50B-8899349EBBBD}
	EndGlobalSection
EndGlobal
